
Microsoft Visual Studio Solution File, Format Version 12.00
# Visual Studio 15
Project("{FAE04EC0-301F-11D3-BF4B-00C04F79EFBC}") = "UniHumanoid", "UniHumanoid.csproj", "{50B6E502-730E-A363-B6D3-C171ED0BB5D4}"
EndProject
Project("{FAE04EC0-301F-11D3-BF4B-00C04F79EFBC}") = "VRM10.Editor", "VRM10.Editor.csproj", "{7E2AA0F9-71B5-08CC-7975-803478C0D1C4}"
EndProject
Project("{FAE04EC0-301F-11D3-BF4B-00C04F79EFBC}") = "UniGLTF.Editor", "UniGLTF.Editor.csproj", "{7CCCE0DA-51A8-3271-6A5A-0E2516D3766C}"
EndProject
Project("{FAE04EC0-301F-11D3-BF4B-00C04F79EFBC}") = "UniGLTF", "UniGLTF.csproj", "{9E66D514-2CBD-A173-B70A-95B29C55F348}"
EndProject
Project("{FAE04EC0-301F-11D3-BF4B-00C04F79EFBC}") = "VRM10", "VRM10.csproj", "{11C59C32-3DB3-8076-0AC0-5BA5123F6704}"
EndProject
Project("{FAE04EC0-301F-11D3-BF4B-00C04F79EFBC}") = "VrmLibTests", "VrmLibTests.csproj", "{3B165E52-13DE-1F11-6C77-C59FF5120ADA}"
EndProject
Project("{FAE04EC0-301F-11D3-BF4B-00C04F79EFBC}") = "VrmLib", "VrmLib.csproj", "{5575BAC0-9D52-3F12-09F4-039694945F94}"
EndProject
Project("{FAE04EC0-301F-11D3-BF4B-00C04F79EFBC}") = "UniGLTF.Tests", "UniGLTF.Tests.csproj", "{EF1B00A7-9289-ACA3-07F2-6F54233F8040}"
EndProject
Project("{FAE04EC0-301F-11D3-BF4B-00C04F79EFBC}") = "SpringBoneJobs", "SpringBoneJobs.csproj", "{47C4B3A8-C4DE-9C57-5F45-09F76A646C72}"
EndProject
Project("{FAE04EC0-301F-11D3-BF4B-00C04F79EFBC}") = "VRM10.MToon10", "VRM10.MToon10.csproj", "{EAA37EA2-28E1-A7B8-BCF7-8FEE3116FCB8}"
EndProject
Project("{FAE04EC0-301F-11D3-BF4B-00C04F79EFBC}") = "Assembly-CSharp", "Assembly-CSharp.csproj", "{28249F55-6D86-9E75-7B68-F404728A0783}"
EndProject
Project("{FAE04EC0-301F-11D3-BF4B-00C04F79EFBC}") = "UniGLTF.Utils", "UniGLTF.Utils.csproj", "{5E3EA553-6157-61E1-A5F4-129C1B4472EF}"
EndProject
Project("{FAE04EC0-301F-11D3-BF4B-00C04F79EFBC}") = "Assembly-CSharp-Editor", "Assembly-CSharp-Editor.csproj", "{D8982169-6609-F810-21DD-E1035A9FE052}"
EndProject
Project("{FAE04EC0-301F-11D3-BF4B-00C04F79EFBC}") = "UniHumanoid.Editor", "UniHumanoid.Editor.csproj", "{FFFDFA7E-73D8-5D82-3AFD-B970EBD4F299}"
EndProject
Project("{FAE04EC0-301F-11D3-BF4B-00C04F79EFBC}") = "VRM10.MToon10.Editor", "VRM10.MToon10.Editor.csproj", "{65EF509B-0677-F8F0-CFB6-A1A3D03D4A0E}"
EndProject
Project("{FAE04EC0-301F-11D3-BF4B-00C04F79EFBC}") = "VRM10.Tests", "VRM10.Tests.csproj", "{949B2DC8-0C67-54C9-12B6-7DFC41CA74E9}"
EndProject
Project("{FAE04EC0-301F-11D3-BF4B-00C04F79EFBC}") = "UniGLTF.UniUnlit", "UniGLTF.UniUnlit.csproj", "{4BDA6AA7-ACDB-6DDD-0BFB-864F98DD38A2}"
EndProject
Project("{FAE04EC0-301F-11D3-BF4B-00C04F79EFBC}") = "UniGLTF.UniUnlit.Editor", "UniGLTF.UniUnlit.Editor.csproj", "{2104E0A3-DC2B-4111-AAAF-AC85E22A467A}"
EndProject
Project("{FAE04EC0-301F-11D3-BF4B-00C04F79EFBC}") = "VRM10.MToon10.Tests", "VRM10.MToon10.Tests.csproj", "{E08E15D8-ECFD-0C32-3D75-338BFB9F6F00}"
EndProject
Project("{FAE04EC0-301F-11D3-BF4B-00C04F79EFBC}") = "FastSpringBone10", "FastSpringBone10.csproj", "{D23137A4-60EC-F19A-5E39-5CD5A6CB5078}"
EndProject
Project("{FAE04EC0-301F-11D3-BF4B-00C04F79EFBC}") = "UniHumanoid.Editor.Tests", "UniHumanoid.Editor.Tests.csproj", "{0497F2B6-2903-49A4-3146-E79333523821}"
EndProject
Global
	GlobalSection(SolutionConfigurationPlatforms) = preSolution
		Debug|Any CPU = Debug|Any CPU
		Release|Any CPU = Release|Any CPU
	EndGlobalSection
	GlobalSection(ProjectConfigurationPlatforms) = postSolution
		{50B6E502-730E-A363-B6D3-C171ED0BB5D4}.Debug|Any CPU.ActiveCfg = Debug|Any CPU
		{50B6E502-730E-A363-B6D3-C171ED0BB5D4}.Debug|Any CPU.Build.0 = Debug|Any CPU
		{50B6E502-730E-A363-B6D3-C171ED0BB5D4}.Release|Any CPU.ActiveCfg = Release|Any CPU
		{50B6E502-730E-A363-B6D3-C171ED0BB5D4}.Release|Any CPU.Build.0 = Release|Any CPU
		{7E2AA0F9-71B5-08CC-7975-803478C0D1C4}.Debug|Any CPU.ActiveCfg = Debug|Any CPU
		{7E2AA0F9-71B5-08CC-7975-803478C0D1C4}.Debug|Any CPU.Build.0 = Debug|Any CPU
		{7E2AA0F9-71B5-08CC-7975-803478C0D1C4}.Release|Any CPU.ActiveCfg = Release|Any CPU
		{7E2AA0F9-71B5-08CC-7975-803478C0D1C4}.Release|Any CPU.Build.0 = Release|Any CPU
		{7CCCE0DA-51A8-3271-6A5A-0E2516D3766C}.Debug|Any CPU.ActiveCfg = Debug|Any CPU
		{7CCCE0DA-51A8-3271-6A5A-0E2516D3766C}.Debug|Any CPU.Build.0 = Debug|Any CPU
		{7CCCE0DA-51A8-3271-6A5A-0E2516D3766C}.Release|Any CPU.ActiveCfg = Release|Any CPU
		{7CCCE0DA-51A8-3271-6A5A-0E2516D3766C}.Release|Any CPU.Build.0 = Release|Any CPU
		{9E66D514-2CBD-A173-B70A-95B29C55F348}.Debug|Any CPU.ActiveCfg = Debug|Any CPU
		{9E66D514-2CBD-A173-B70A-95B29C55F348}.Debug|Any CPU.Build.0 = Debug|Any CPU
		{9E66D514-2CBD-A173-B70A-95B29C55F348}.Release|Any CPU.ActiveCfg = Release|Any CPU
		{9E66D514-2CBD-A173-B70A-95B29C55F348}.Release|Any CPU.Build.0 = Release|Any CPU
		{11C59C32-3DB3-8076-0AC0-5BA5123F6704}.Debug|Any CPU.ActiveCfg = Debug|Any CPU
		{11C59C32-3DB3-8076-0AC0-5BA5123F6704}.Debug|Any CPU.Build.0 = Debug|Any CPU
		{11C59C32-3DB3-8076-0AC0-5BA5123F6704}.Release|Any CPU.ActiveCfg = Release|Any CPU
		{11C59C32-3DB3-8076-0AC0-5BA5123F6704}.Release|Any CPU.Build.0 = Release|Any CPU
		{3B165E52-13DE-1F11-6C77-C59FF5120ADA}.Debug|Any CPU.ActiveCfg = Debug|Any CPU
		{3B165E52-13DE-1F11-6C77-C59FF5120ADA}.Debug|Any CPU.Build.0 = Debug|Any CPU
		{3B165E52-13DE-1F11-6C77-C59FF5120ADA}.Release|Any CPU.ActiveCfg = Release|Any CPU
		{3B165E52-13DE-1F11-6C77-C59FF5120ADA}.Release|Any CPU.Build.0 = Release|Any CPU
		{5575BAC0-9D52-3F12-09F4-039694945F94}.Debug|Any CPU.ActiveCfg = Debug|Any CPU
		{5575BAC0-9D52-3F12-09F4-039694945F94}.Debug|Any CPU.Build.0 = Debug|Any CPU
		{5575BAC0-9D52-3F12-09F4-039694945F94}.Release|Any CPU.ActiveCfg = Release|Any CPU
		{5575BAC0-9D52-3F12-09F4-039694945F94}.Release|Any CPU.Build.0 = Release|Any CPU
		{EF1B00A7-9289-ACA3-07F2-6F54233F8040}.Debug|Any CPU.ActiveCfg = Debug|Any CPU
		{EF1B00A7-9289-ACA3-07F2-6F54233F8040}.Debug|Any CPU.Build.0 = Debug|Any CPU
		{EF1B00A7-9289-ACA3-07F2-6F54233F8040}.Release|Any CPU.ActiveCfg = Release|Any CPU
		{EF1B00A7-9289-ACA3-07F2-6F54233F8040}.Release|Any CPU.Build.0 = Release|Any CPU
		{47C4B3A8-C4DE-9C57-5F45-09F76A646C72}.Debug|Any CPU.ActiveCfg = Debug|Any CPU
		{47C4B3A8-C4DE-9C57-5F45-09F76A646C72}.Debug|Any CPU.Build.0 = Debug|Any CPU
		{47C4B3A8-C4DE-9C57-5F45-09F76A646C72}.Release|Any CPU.ActiveCfg = Release|Any CPU
		{47C4B3A8-C4DE-9C57-5F45-09F76A646C72}.Release|Any CPU.Build.0 = Release|Any CPU
		{EAA37EA2-28E1-A7B8-BCF7-8FEE3116FCB8}.Debug|Any CPU.ActiveCfg = Debug|Any CPU
		{EAA37EA2-28E1-A7B8-BCF7-8FEE3116FCB8}.Debug|Any CPU.Build.0 = Debug|Any CPU
		{EAA37EA2-28E1-A7B8-BCF7-8FEE3116FCB8}.Release|Any CPU.ActiveCfg = Release|Any CPU
		{EAA37EA2-28E1-A7B8-BCF7-8FEE3116FCB8}.Release|Any CPU.Build.0 = Release|Any CPU
		{28249F55-6D86-9E75-7B68-F404728A0783}.Debug|Any CPU.ActiveCfg = Debug|Any CPU
		{28249F55-6D86-9E75-7B68-F404728A0783}.Debug|Any CPU.Build.0 = Debug|Any CPU
		{28249F55-6D86-9E75-7B68-F404728A0783}.Release|Any CPU.ActiveCfg = Release|Any CPU
		{28249F55-6D86-9E75-7B68-F404728A0783}.Release|Any CPU.Build.0 = Release|Any CPU
		{5E3EA553-6157-61E1-A5F4-129C1B4472EF}.Debug|Any CPU.ActiveCfg = Debug|Any CPU
		{5E3EA553-6157-61E1-A5F4-129C1B4472EF}.Debug|Any CPU.Build.0 = Debug|Any CPU
		{5E3EA553-6157-61E1-A5F4-129C1B4472EF}.Release|Any CPU.ActiveCfg = Release|Any CPU
		{5E3EA553-6157-61E1-A5F4-129C1B4472EF}.Release|Any CPU.Build.0 = Release|Any CPU
		{D8982169-6609-F810-21DD-E1035A9FE052}.Debug|Any CPU.ActiveCfg = Debug|Any CPU
		{D8982169-6609-F810-21DD-E1035A9FE052}.Debug|Any CPU.Build.0 = Debug|Any CPU
		{D8982169-6609-F810-21DD-E1035A9FE052}.Release|Any CPU.ActiveCfg = Release|Any CPU
		{D8982169-6609-F810-21DD-E1035A9FE052}.Release|Any CPU.Build.0 = Release|Any CPU
		{FFFDFA7E-73D8-5D82-3AFD-B970EBD4F299}.Debug|Any CPU.ActiveCfg = Debug|Any CPU
		{FFFDFA7E-73D8-5D82-3AFD-B970EBD4F299}.Debug|Any CPU.Build.0 = Debug|Any CPU
		{FFFDFA7E-73D8-5D82-3AFD-B970EBD4F299}.Release|Any CPU.ActiveCfg = Release|Any CPU
		{FFFDFA7E-73D8-5D82-3AFD-B970EBD4F299}.Release|Any CPU.Build.0 = Release|Any CPU
		{65EF509B-0677-F8F0-CFB6-A1A3D03D4A0E}.Debug|Any CPU.ActiveCfg = Debug|Any CPU
		{65EF509B-0677-F8F0-CFB6-A1A3D03D4A0E}.Debug|Any CPU.Build.0 = Debug|Any CPU
		{65EF509B-0677-F8F0-CFB6-A1A3D03D4A0E}.Release|Any CPU.ActiveCfg = Release|Any CPU
		{65EF509B-0677-F8F0-CFB6-A1A3D03D4A0E}.Release|Any CPU.Build.0 = Release|Any CPU
		{949B2DC8-0C67-54C9-12B6-7DFC41CA74E9}.Debug|Any CPU.ActiveCfg = Debug|Any CPU
		{949B2DC8-0C67-54C9-12B6-7DFC41CA74E9}.Debug|Any CPU.Build.0 = Debug|Any CPU
		{949B2DC8-0C67-54C9-12B6-7DFC41CA74E9}.Release|Any CPU.ActiveCfg = Release|Any CPU
		{949B2DC8-0C67-54C9-12B6-7DFC41CA74E9}.Release|Any CPU.Build.0 = Release|Any CPU
		{4BDA6AA7-ACDB-6DDD-0BFB-864F98DD38A2}.Debug|Any CPU.ActiveCfg = Debug|Any CPU
		{4BDA6AA7-ACDB-6DDD-0BFB-864F98DD38A2}.Debug|Any CPU.Build.0 = Debug|Any CPU
		{4BDA6AA7-ACDB-6DDD-0BFB-864F98DD38A2}.Release|Any CPU.ActiveCfg = Release|Any CPU
		{4BDA6AA7-ACDB-6DDD-0BFB-864F98DD38A2}.Release|Any CPU.Build.0 = Release|Any CPU
		{2104E0A3-DC2B-4111-AAAF-AC85E22A467A}.Debug|Any CPU.ActiveCfg = Debug|Any CPU
		{2104E0A3-DC2B-4111-AAAF-AC85E22A467A}.Debug|Any CPU.Build.0 = Debug|Any CPU
		{2104E0A3-DC2B-4111-AAAF-AC85E22A467A}.Release|Any CPU.ActiveCfg = Release|Any CPU
		{2104E0A3-DC2B-4111-AAAF-AC85E22A467A}.Release|Any CPU.Build.0 = Release|Any CPU
		{E08E15D8-ECFD-0C32-3D75-338BFB9F6F00}.Debug|Any CPU.ActiveCfg = Debug|Any CPU
		{E08E15D8-ECFD-0C32-3D75-338BFB9F6F00}.Debug|Any CPU.Build.0 = Debug|Any CPU
		{E08E15D8-ECFD-0C32-3D75-338BFB9F6F00}.Release|Any CPU.ActiveCfg = Release|Any CPU
		{E08E15D8-ECFD-0C32-3D75-338BFB9F6F00}.Release|Any CPU.Build.0 = Release|Any CPU
		{D23137A4-60EC-F19A-5E39-5CD5A6CB5078}.Debug|Any CPU.ActiveCfg = Debug|Any CPU
		{D23137A4-60EC-F19A-5E39-5CD5A6CB5078}.Debug|Any CPU.Build.0 = Debug|Any CPU
		{D23137A4-60EC-F19A-5E39-5CD5A6CB5078}.Release|Any CPU.ActiveCfg = Release|Any CPU
		{D23137A4-60EC-F19A-5E39-5CD5A6CB5078}.Release|Any CPU.Build.0 = Release|Any CPU
		{0497F2B6-2903-49A4-3146-E79333523821}.Debug|Any CPU.ActiveCfg = Debug|Any CPU
		{0497F2B6-2903-49A4-3146-E79333523821}.Debug|Any CPU.Build.0 = Debug|Any CPU
		{0497F2B6-2903-49A4-3146-E79333523821}.Release|Any CPU.ActiveCfg = Release|Any CPU
		{0497F2B6-2903-49A4-3146-E79333523821}.Release|Any CPU.Build.0 = Release|Any CPU
	EndGlobalSection
	GlobalSection(SolutionProperties) = preSolution
		HideSolutionNode = FALSE
	EndGlobalSection
EndGlobal
